
Microsoft Visual Studio Solution File, Format Version 12.00
# Visual Studio Version 17
VisualStudioVersion = 17.3.32929.385
MinimumVisualStudioVersion = 10.0.40219.1
Project("{FAE04EC0-301F-11D3-BF4B-00C04F79EFBC}") = "shoppingcart", "shoppingcart\shoppingcart.csproj", "{8AC240D0-2FA8-44E8-AA7E-3096321C9615}"
EndProject
Global
	GlobalSection(SolutionConfigurationPlatforms) = preSolution
		Debug|Any CPU = Debug|Any CPU
		Release|Any CPU = Release|Any CPU
	EndGlobalSection
	GlobalSection(ProjectConfigurationPlatforms) = postSolution
		{8AC240D0-2FA8-44E8-AA7E-3096321C9615}.Debug|Any CPU.ActiveCfg = Debug|Any CPU
		{8AC240D0-2FA8-44E8-AA7E-3096321C9615}.Debug|Any CPU.Build.0 = Debug|Any CPU
		{8AC240D0-2FA8-44E8-AA7E-3096321C9615}.Release|Any CPU.ActiveCfg = Release|Any CPU
		{8AC240D0-2FA8-44E8-AA7E-3096321C9615}.Release|Any CPU.Build.0 = Release|Any CPU
	EndGlobalSection
	GlobalSection(SolutionProperties) = preSolution
		HideSolutionNode = FALSE
	EndGlobalSection
	GlobalSection(ExtensibilityGlobals) = postSolution
		SolutionGuid = {973F68B0-8F9A-4DFA-BFF3-E86C5AB73225}
	EndGlobalSection
EndGlobal
